lockfileVersion: '9.0'

settings:
  autoInstallPeers: true
  excludeLinksFromLockfile: false

importers:

  .:
    dependencies:
      '@ant-design/icons-vue':
        specifier: ^7.0.1
        version: 7.0.1(vue@3.5.15)

packages:

  '@ant-design/colors@6.0.0':
    resolution: {integrity: sha512-qAZRvPzfdWHtfameEGP2Qvuf838NhergR35o+EuVyB5XvSA98xod5r4utvi4TJ3ywmevm290g9nsCG5MryrdWQ==}

  '@ant-design/icons-svg@4.4.2':
    resolution: {integrity: sha512-vHbT+zJEVzllwP+CM+ul7reTEfBR0vgxFe7+lREAsAA7YGsYpboiq2sQNeQeRvh09GfQgs/GyFEvZpJ9cLXpXA==}

  '@ant-design/icons-vue@7.0.1':
    resolution: {integrity: sha512-eCqY2unfZK6Fe02AwFlDHLfoyEFreP6rBwAZMIJ1LugmfMiVgwWDYlp1YsRugaPtICYOabV1iWxXdP12u9U43Q==}
    peerDependencies:
      vue: '>=3.0.3'

  '@babel/helper-string-parser@7.27.1':
    resolution: {integrity: sha512-qMlSxKbpRlAridDExk92nSobyDdpPijUq2DW6oDnUqd0iOGxmQjyqhMIihI9+zv4LPyZdRje2cavWPbCbWm3eA==}
    engines: {node: '>=6.9.0'}

  '@babel/helper-validator-identifier@7.27.1':
    resolution: {integrity: sha512-D2hP9eA+Sqx1kBZgzxZh0y1trbuU+JoDkiEwqhQ36nodYqJwyEIhPSdMNd7lOm/4io72luTPWH20Yda0xOuUow==}
    engines: {node: '>=6.9.0'}

  '@babel/parser@7.27.2':
    resolution: {integrity: sha512-QYLs8299NA7WM/bZAdp+CviYYkVoYXlDW2rzliy3chxd1PQjej7JORuMJDJXJUb9g0TT+B99EwaVLKmX+sPXWw==}
    engines: {node: '>=6.0.0'}
    hasBin: true

  '@babel/types@7.27.1':
    resolution: {integrity: sha512-+EzkxvLNfiUeKMgy/3luqfsCWFRXLb7U6wNQTk60tovuckwB15B191tJWvpp4HjiQWdJkCxO3Wbvc6jlk3Xb2Q==}
    engines: {node: '>=6.9.0'}

  '@ctrl/tinycolor@3.6.1':
    resolution: {integrity: sha512-SITSV6aIXsuVNV3f3O0f2n/cgyEDWoSqtZMYiAmcsYHydcKrOz3gUxB/iXd/Qf08+IZX4KpgNbvUdMBmWz+kcA==}
    engines: {node: '>=10'}

  '@jridgewell/sourcemap-codec@1.5.0':
    resolution: {integrity: sha512-gv3ZRaISU3fjPAgNsriBRqGWQL6quFx04YMPW/zD8XMLsU32mhCCbfbO6KZFLjvYpCZ8zyDEgqsgf+PwPaM7GQ==}

  '@vue/compiler-core@3.5.15':
    resolution: {integrity: sha512-nGRc6YJg/kxNqbv/7Tg4juirPnjHvuVdhcmDvQWVZXlLHjouq7VsKmV1hIxM/8yKM0VUfwT/Uzc0lO510ltZqw==}

  '@vue/compiler-dom@3.5.15':
    resolution: {integrity: sha512-ZelQd9n+O/UCBdL00rlwCrsArSak+YLZpBVuNDio1hN3+wrCshYZEDUO3khSLAzPbF1oQS2duEoMDUHScUlYjA==}

  '@vue/compiler-sfc@3.5.15':
    resolution: {integrity: sha512-3zndKbxMsOU6afQWer75Zot/aydjtxNj0T2KLg033rAFaQUn2PGuE32ZRe4iMhflbTcAxL0yEYsRWFxtPro8RQ==}

  '@vue/compiler-ssr@3.5.15':
    resolution: {integrity: sha512-gShn8zRREZbrXqTtmLSCffgZXDWv8nHc/GhsW+mbwBfNZL5pI96e7IWcIq8XGQe1TLtVbu7EV9gFIVSmfyarPg==}

  '@vue/reactivity@3.5.15':
    resolution: {integrity: sha512-GaA5VUm30YWobCwpvcs9nvFKf27EdSLKDo2jA0IXzGS344oNpFNbEQ9z+Pp5ESDaxyS8FcH0vFN/XSe95BZtHQ==}

  '@vue/runtime-core@3.5.15':
    resolution: {integrity: sha512-CZAlIOQ93nj0OPpWWOx4+QDLCMzBNY85IQR4Voe6vIID149yF8g9WQaWnw042f/6JfvLttK7dnyWlC1EVCRK8Q==}

  '@vue/runtime-dom@3.5.15':
    resolution: {integrity: sha512-wFplHKzKO/v998up2iCW3RN9TNUeDMhdBcNYZgs5LOokHntrB48dyuZHspcahKZczKKh3v6i164gapMPxBTKNw==}

  '@vue/server-renderer@3.5.15':
    resolution: {integrity: sha512-Gehc693kVTYkLt6QSYEjGvqvdK2zZ/gf/D5zkgmvBdeB30dNnVZS8yY7+IlBmHRd1rR/zwaqeu06Ij04ZxBscg==}
    peerDependencies:
      vue: 3.5.15

  '@vue/shared@3.5.15':
    resolution: {integrity: sha512-bKvgFJJL1ZX9KxMCTQY6xD9Dhe3nusd1OhyOb1cJYGqvAr0Vg8FIjHPMOEVbJ9GDT9HG+Bjdn4oS8ohKP8EvoA==}

  csstype@3.1.3:
    resolution: {integrity: sha512-M1uQkMl8rQK/szD0LNhtqxIPLpimGm8sOBwU7lLnCpSbTyY3yeU1Vc7l4KT5zT4s/yOxHH5O7tIuuLOCnLADRw==}

  entities@4.5.0:
    resolution: {integrity: sha512-V0hjH4dGPh9Ao5p0MoRY6BVqtwCjhz6vI5LT8AJ55H+4g9/4vbHx1I54fS0XuclLhDHArPQCiMjDxjaL8fPxhw==}
    engines: {node: '>=0.12'}

  estree-walker@2.0.2:
    resolution: {integrity: sha512-Rfkk/Mp/DL7JVje3u18FxFujQlTNR2q6QfMSMB7AvCBx91NGj/ba3kCfza0f6dVDbw7YlRf/nDrn7pQrCCyQ/w==}

  magic-string@0.30.17:
    resolution: {integrity: sha512-sNPKHvyjVf7gyjwS4xGTaW/mCnF8wnjtifKBEhxfZ7E/S8tQ0rssrwGNn6q8JH/ohItJfSQp9mBtQYuTlH5QnA==}

  nanoid@3.3.11:
    resolution: {integrity: sha512-N8SpfPUnUp1bK+PMYW8qSWdl9U+wwNWI4QKxOYDy9JAro3WMX7p2OeVRF9v+347pnakNevPmiHhNmZ2HbFA76w==}
    engines: {node: ^10 || ^12 || ^13.7 || ^14 || >=15.0.1}
    hasBin: true

  picocolors@1.1.1:
    resolution: {integrity: sha512-xceH2snhtb5M9liqDsmEw56le376mTZkEX/jEb/RxNFyegNul7eNslCXP9FDj/Lcu0X8KEyMceP2ntpaHrDEVA==}

  postcss@8.5.3:
    resolution: {integrity: sha512-dle9A3yYxlBSrt8Fu+IpjGT8SY8hN0mlaA6GY8t0P5PjIOZemULz/E2Bnm/2dcUOena75OTNkHI76uZBNUUq3A==}
    engines: {node: ^10 || ^12 || >=14}

  source-map-js@1.2.1:
    resolution: {integrity: sha512-UXWMKhLOwVKb728IUtQPXxfYU+usdybtUrK/8uGE8CQMvrhOpwvzDBwj0QhSL7MQc7vIsISBG8VQ8+IDQxpfQA==}
    engines: {node: '>=0.10.0'}

  vue@3.5.15:
    resolution: {integrity: sha512-aD9zK4rB43JAMK/5BmS4LdPiEp8Fdh8P1Ve/XNuMF5YRf78fCyPE6FUbQwcaWQ5oZ1R2CD9NKE0FFOVpMR7gEQ==}
    peerDependencies:
      typescript: '*'
    peerDependenciesMeta:
      typescript:
        optional: true

snapshots:

  '@ant-design/colors@6.0.0':
    dependencies:
      '@ctrl/tinycolor': 3.6.1

  '@ant-design/icons-svg@4.4.2': {}

  '@ant-design/icons-vue@7.0.1(vue@3.5.15)':
    dependencies:
      '@ant-design/colors': 6.0.0
      '@ant-design/icons-svg': 4.4.2
      vue: 3.5.15

  '@babel/helper-string-parser@7.27.1': {}

  '@babel/helper-validator-identifier@7.27.1': {}

  '@babel/parser@7.27.2':
    dependencies:
      '@babel/types': 7.27.1

  '@babel/types@7.27.1':
    dependencies:
      '@babel/helper-string-parser': 7.27.1
      '@babel/helper-validator-identifier': 7.27.1

  '@ctrl/tinycolor@3.6.1': {}

  '@jridgewell/sourcemap-codec@1.5.0': {}

  '@vue/compiler-core@3.5.15':
    dependencies:
      '@babel/parser': 7.27.2
      '@vue/shared': 3.5.15
      entities: 4.5.0
      estree-walker: 2.0.2
      source-map-js: 1.2.1

  '@vue/compiler-dom@3.5.15':
    dependencies:
      '@vue/compiler-core': 3.5.15
      '@vue/shared': 3.5.15

  '@vue/compiler-sfc@3.5.15':
    dependencies:
      '@babel/parser': 7.27.2
      '@vue/compiler-core': 3.5.15
      '@vue/compiler-dom': 3.5.15
      '@vue/compiler-ssr': 3.5.15
      '@vue/shared': 3.5.15
      estree-walker: 2.0.2
      magic-string: 0.30.17
      postcss: 8.5.3
      source-map-js: 1.2.1

  '@vue/compiler-ssr@3.5.15':
    dependencies:
      '@vue/compiler-dom': 3.5.15
      '@vue/shared': 3.5.15

  '@vue/reactivity@3.5.15':
    dependencies:
      '@vue/shared': 3.5.15

  '@vue/runtime-core@3.5.15':
    dependencies:
      '@vue/reactivity': 3.5.15
      '@vue/shared': 3.5.15

  '@vue/runtime-dom@3.5.15':
    dependencies:
      '@vue/reactivity': 3.5.15
      '@vue/runtime-core': 3.5.15
      '@vue/shared': 3.5.15
      csstype: 3.1.3

  '@vue/server-renderer@3.5.15(vue@3.5.15)':
    dependencies:
      '@vue/compiler-ssr': 3.5.15
      '@vue/shared': 3.5.15
      vue: 3.5.15

  '@vue/shared@3.5.15': {}

  csstype@3.1.3: {}

  entities@4.5.0: {}

  estree-walker@2.0.2: {}

  magic-string@0.30.17:
    dependencies:
      '@jridgewell/sourcemap-codec': 1.5.0

  nanoid@3.3.11: {}

  picocolors@1.1.1: {}

  postcss@8.5.3:
    dependencies:
      nanoid: 3.3.11
      picocolors: 1.1.1
      source-map-js: 1.2.1

  source-map-js@1.2.1: {}

  vue@3.5.15:
    dependencies:
      '@vue/compiler-dom': 3.5.15
      '@vue/compiler-sfc': 3.5.15
      '@vue/runtime-dom': 3.5.15
      '@vue/server-renderer': 3.5.15(vue@3.5.15)
      '@vue/shared': 3.5.15
