{
  "name": "main",
  "version": "0.0.1",
  "lockfileVersion": 1,
  "requires": true,
  "dependencies": {
    "@babel/runtime": {
      "version": "7.28.4",
      "resolved": "https://registry.npmmirror.com/@babel/runtime/-/runtime-7.28.4.tgz",
      "integrity": "sha512-Q/N6JNWvIvPnLDvjlE1OUBLPQHH6l3CltCEsHIujp45zQUSSh8K+gHnaEX45yAT1nyngnINhvWtzN+Nb9D8RAQ=="
    },
    "@epic-web/invariant": {
      "version": "1.0.0",
      "resolved": "https://registry.npmmirror.com/@epic-web/invariant/-/invariant-1.0.0.tgz",
      "integrity": "sha512-lrTPqgvfFQtR/eY/qkIzp98OGdNJu0m5ji3q/nJI8v3SXkRKEnWiOxMmbvcSoAIzv/cGiuvRy57k4suKQSAdwA==",
      "dev": true
    },
    "cross-env": {
      "version": "10.0.0",
      "resolved": "https://registry.npmmirror.com/cross-env/-/cross-env-10.0.0.tgz",
      "integrity": "sha512-aU8qlEK/nHYtVuN4p7UQgAwVljzMg8hB4YK5ThRqD2l/ziSnryncPNn7bMLt5cFYsKVKBh8HqLqyCoTupEUu7Q==",
      "dev": true,
      "requires": {
        "@epic-web/invariant": "^1.0.0",
        "cross-spawn": "^7.0.6"
      }
    },
    "cross-spawn": {
      "version": "7.0.6",
      "resolved": "https://registry.npmmirror.com/cross-spawn/-/cross-spawn-7.0.6.tgz",
      "integrity": "sha512-uV2QOWP2nWzsy2aMp8aRibhi9dlzF5Hgh5SHaB9OiTGEyDTiJJyx0uy51QXdyWbtAHNua4XJzUKca3OzKUd3vA==",
      "dev": true,
      "requires": {
        "path-key": "^3.1.0",
        "shebang-command": "^2.0.0",
        "which": "^2.0.1"
      }
    },
    "isexe": {
      "version": "2.0.0",
      "resolved": "https://registry.npmmirror.com/isexe/-/isexe-2.0.0.tgz",
      "integrity": "sha512-RHxMLp9lnKHGHRng9QFhRCMbYAcVpn69smSGcq3f36xjgVVWThj4qqLbTLlq7Ssj8B+fIQ1EuCEGI2lKsyQeIw==",
      "dev": true
    },
    "path-key": {
      "version": "3.1.1",
      "resolved": "https://registry.npmmirror.com/path-key/-/path-key-3.1.1.tgz",
      "integrity": "sha512-ojmeN0qd+y0jszEtoY48r0Peq5dwMEkIlCOu6Q5f41lfkswXuKtYrhgoTpLnyIcHm24Uhqx+5Tqm2InSwLhE6Q==",
      "dev": true
    },
    "react-error-boundary": {
      "version": "6.0.0",
      "requires": {
        "@babel/runtime": "^7.12.5"
      }
    },
    "shebang-command": {
      "version": "2.0.0",
      "resolved": "https://registry.npmmirror.com/shebang-command/-/shebang-command-2.0.0.tgz",
      "integrity": "sha512-kHxr2zZpYtdmrN1qDjrrX/Z1rR1kG8Dx+gkpK1G4eXmvXswmcE1hTWBWYUzlraYw1/yZp6YuDY77YtvbN0dmDA==",
      "dev": true,
      "requires": {
        "shebang-regex": "^3.0.0"
      }
    },
    "shebang-regex": {
      "version": "3.0.0",
      "resolved": "https://registry.npmmirror.com/shebang-regex/-/shebang-regex-3.0.0.tgz",
      "integrity": "sha512-7++dFhtcx3353uBaq8DDR4NuxBetBzC7ZQOhmTQInHEd6bSrXdiEyzCvG07Z44UYdLShWUyXt5M/yhz8ekcb1A==",
      "dev": true
    },
    "which": {
      "version": "2.0.2",
      "resolved": "https://registry.npmmirror.com/which/-/which-2.0.2.tgz",
      "integrity": "sha512-BLI3Tl1TW3Pvl70l3yq3Y64i+awpwXqsGBYWkkqMtnbXgrMD+yj7rhW0kuEDxzJaYXGjEW5ogapKNMEKNMjibA==",
      "dev": true,
      "requires": {
        "isexe": "^2.0.0"
      }
    }
  }
}
